
Microsoft Visual Studio Solution File, Format Version 12.00
# Visual Studio Version 17
VisualStudioVersion = 17.10.34928.147
MinimumVisualStudioVersion = 10.0.40219.1
Project("{8BC9CEB8-8B4A-11D0-8D11-00A0C91BC942}") = "ssd", "ssd.vcxproj", "{B6E9C635-9BC6-470C-81BC-A377FD2259D1}"
EndProject
Project("{8BC9CEB8-8B4A-11D0-8D11-00A0C91BC942}") = "ssd-test", "ssd-test\ssd-test.vcxproj", "{04DC99DB-CB1A-4F79-B110-128FD046F29F}"
EndProject
Project("{2150E333-8FDC-42A3-9474-1A3956D46DE8}") = "솔루션 항목", "솔루션 항목", "{70B4FB7A-3E08-4D16-A9DF-33C4875F4E91}"
	ProjectSection(SolutionItems) = preProject
		.editorconfig = .editorconfig
		..\.gitignore = ..\.gitignore
		..\README.md = ..\README.md
	EndProjectSection
EndProject
Project("{8BC9CEB8-8B4A-11D0-8D11-00A0C91BC942}") = "app", "app\app.vcxproj", "{AEEBACF4-BA29-4078-B023-7CDBF2FFA9A5}"
EndProject
Global
	GlobalSection(SolutionConfigurationPlatforms) = preSolution
		Debug|x64 = Debug|x64
		Debug|x86 = Debug|x86
		Release|x64 = Release|x64
		Release|x86 = Release|x86
	EndGlobalSection
	GlobalSection(ProjectConfigurationPlatforms) = postSolution
		{B6E9C635-9BC6-470C-81BC-A377FD2259D1}.Debug|x64.ActiveCfg = Debug|x64
		{B6E9C635-9BC6-470C-81BC-A377FD2259D1}.Debug|x64.Build.0 = Debug|x64
		{B6E9C635-9BC6-470C-81BC-A377FD2259D1}.Debug|x86.ActiveCfg = Debug|Win32
		{B6E9C635-9BC6-470C-81BC-A377FD2259D1}.Debug|x86.Build.0 = Debug|Win32
		{B6E9C635-9BC6-470C-81BC-A377FD2259D1}.Release|x64.ActiveCfg = Release|x64
		{B6E9C635-9BC6-470C-81BC-A377FD2259D1}.Release|x64.Build.0 = Release|x64
		{B6E9C635-9BC6-470C-81BC-A377FD2259D1}.Release|x86.ActiveCfg = Release|Win32
		{B6E9C635-9BC6-470C-81BC-A377FD2259D1}.Release|x86.Build.0 = Release|Win32
		{04DC99DB-CB1A-4F79-B110-128FD046F29F}.Debug|x64.ActiveCfg = Debug|x64
		{04DC99DB-CB1A-4F79-B110-128FD046F29F}.Debug|x64.Build.0 = Debug|x64
		{04DC99DB-CB1A-4F79-B110-128FD046F29F}.Debug|x86.ActiveCfg = Debug|Win32
		{04DC99DB-CB1A-4F79-B110-128FD046F29F}.Debug|x86.Build.0 = Debug|Win32
		{04DC99DB-CB1A-4F79-B110-128FD046F29F}.Release|x64.ActiveCfg = Release|x64
		{04DC99DB-CB1A-4F79-B110-128FD046F29F}.Release|x64.Build.0 = Release|x64
		{04DC99DB-CB1A-4F79-B110-128FD046F29F}.Release|x86.ActiveCfg = Release|Win32
		{04DC99DB-CB1A-4F79-B110-128FD046F29F}.Release|x86.Build.0 = Release|Win32
		{AEEBACF4-BA29-4078-B023-7CDBF2FFA9A5}.Debug|x64.ActiveCfg = Debug|x64
		{AEEBACF4-BA29-4078-B023-7CDBF2FFA9A5}.Debug|x64.Build.0 = Debug|x64
		{AEEBACF4-BA29-4078-B023-7CDBF2FFA9A5}.Debug|x86.ActiveCfg = Debug|Win32
		{AEEBACF4-BA29-4078-B023-7CDBF2FFA9A5}.Debug|x86.Build.0 = Debug|Win32
		{AEEBACF4-BA29-4078-B023-7CDBF2FFA9A5}.Release|x64.ActiveCfg = Release|x64
		{AEEBACF4-BA29-4078-B023-7CDBF2FFA9A5}.Release|x64.Build.0 = Release|x64
		{AEEBACF4-BA29-4078-B023-7CDBF2FFA9A5}.Release|x86.ActiveCfg = Release|Win32
		{AEEBACF4-BA29-4078-B023-7CDBF2FFA9A5}.Release|x86.Build.0 = Release|Win32
	EndGlobalSection
	GlobalSection(SolutionProperties) = preSolution
		HideSolutionNode = FALSE
	EndGlobalSection
	GlobalSection(ExtensibilityGlobals) = postSolution
		SolutionGuid = {B0FBFB6D-98B5-4D34-9A29-DD3907D6D777}
	EndGlobalSection
EndGlobal
